
Microsoft Visual Studio Solution File, Format Version 10.00
# Visual Studio 2008
Project("{8BC9CEB8-8B4A-11D0-8D11-00A0C91BC942}") = "ControlFlow", "ControlFlow\ControlFlow.vcproj", "{D2581AA2-1316-46D3-A57F-8D414DE6EE96}"
EndProject
Global
	GlobalSection(SolutionConfigurationPlatforms) = preSolution
		Debug|Win32 = Debug|Win32
		Release|Win32 = Release|Win32
	EndGlobalSection
	GlobalSection(ProjectConfigurationPlatforms) = postSolution
		{D2581AA2-1316-46D3-A57F-8D414DE6EE96}.Debug|Win32.ActiveCfg = Debug|Win32
		{D2581AA2-1316-46D3-A57F-8D414DE6EE96}.Debug|Win32.Build.0 = Debug|Win32
		{D2581AA2-1316-46D3-A57F-8D414DE6EE96}.Release|Win32.ActiveCfg = Release|Win32
		{D2581AA2-1316-46D3-A57F-8D414DE6EE96}.Release|Win32.Build.0 = Release|Win32
	EndGlobalSection
	GlobalSection(SolutionProperties) = preSolution
		HideSolutionNode = FALSE
	EndGlobalSection
EndGlobal
